
Microsoft Visual Studio Solution File, Format Version 12.00
# Visual Studio Version 17
VisualStudioVersion = 17.13.35818.85 d17.13
MinimumVisualStudioVersion = 10.0.40219.1
Project("{FAE04EC0-301F-11D3-BF4B-00C04F79EFBC}") = "Principal", "Principal\Principal.csproj", "{06A21248-81D6-428B-9812-7907EED72BD7}"
EndProject
Project("{FAE04EC0-301F-11D3-BF4B-00C04F79EFBC}") = "Logica", "Logica\Logica.csproj", "{7BD2E171-34AF-44CE-AA95-528183E07225}"
EndProject
Project("{FAE04EC0-301F-11D3-BF4B-00C04F79EFBC}") = "Datos", "Datos\Datos.csproj", "{A307E1D4-9530-42A5-8752-A70745E34A48}"
EndProject
Global
	GlobalSection(SolutionConfigurationPlatforms) = preSolution
		Debug|Any CPU = Debug|Any CPU
		Release|Any CPU = Release|Any CPU
	EndGlobalSection
	GlobalSection(ProjectConfigurationPlatforms) = postSolution
		{06A21248-81D6-428B-9812-7907EED72BD7}.Debug|Any CPU.ActiveCfg = Debug|Any CPU
		{06A21248-81D6-428B-9812-7907EED72BD7}.Debug|Any CPU.Build.0 = Debug|Any CPU
		{06A21248-81D6-428B-9812-7907EED72BD7}.Release|Any CPU.ActiveCfg = Release|Any CPU
		{06A21248-81D6-428B-9812-7907EED72BD7}.Release|Any CPU.Build.0 = Release|Any CPU
		{7BD2E171-34AF-44CE-AA95-528183E07225}.Debug|Any CPU.ActiveCfg = Debug|Any CPU
		{7BD2E171-34AF-44CE-AA95-528183E07225}.Debug|Any CPU.Build.0 = Debug|Any CPU
		{7BD2E171-34AF-44CE-AA95-528183E07225}.Release|Any CPU.ActiveCfg = Release|Any CPU
		{7BD2E171-34AF-44CE-AA95-528183E07225}.Release|Any CPU.Build.0 = Release|Any CPU
		{A307E1D4-9530-42A5-8752-A70745E34A48}.Debug|Any CPU.ActiveCfg = Debug|Any CPU
		{A307E1D4-9530-42A5-8752-A70745E34A48}.Debug|Any CPU.Build.0 = Debug|Any CPU
		{A307E1D4-9530-42A5-8752-A70745E34A48}.Release|Any CPU.ActiveCfg = Release|Any CPU
		{A307E1D4-9530-42A5-8752-A70745E34A48}.Release|Any CPU.Build.0 = Release|Any CPU
	EndGlobalSection
	GlobalSection(SolutionProperties) = preSolution
		HideSolutionNode = FALSE
	EndGlobalSection
	GlobalSection(ExtensibilityGlobals) = postSolution
		SolutionGuid = {2A0B6110-4BF7-4DD3-AF6A-D754899CCD85}
	EndGlobalSection
EndGlobal
